
Microsoft Visual Studio Solution File, Format Version 12.00
# Visual Studio Version 17
VisualStudioVersion = 17.1.32328.378
MinimumVisualStudioVersion = 10.0.40219.1
Project("{9A19103F-16F7-4668-BE54-9A1E7A4F7556}") = "HostComputer", "HostComputer\HostComputer.csproj", "{E63C15BF-E226-4DA6-B017-09D78260717F}"
EndProject
Project("{2150E333-8FDC-42A3-9474-1A3956D46DE8}") = "Solution Items", "Solution Items", "{05F9EDC8-736D-455F-9C75-5514F17123C8}"
	ProjectSection(SolutionItems) = preProject
		.editorconfig = .editorconfig
	EndProjectSection
EndProject
Global
	GlobalSection(SolutionConfigurationPlatforms) = preSolution
		Debug|Any CPU = Debug|Any CPU
		Release|Any CPU = Release|Any CPU
	EndGlobalSection
	GlobalSection(ProjectConfigurationPlatforms) = postSolution
		{E63C15BF-E226-4DA6-B017-09D78260717F}.Debug|Any CPU.ActiveCfg = Debug|Any CPU
		{E63C15BF-E226-4DA6-B017-09D78260717F}.Debug|Any CPU.Build.0 = Debug|Any CPU
		{E63C15BF-E226-4DA6-B017-09D78260717F}.Release|Any CPU.ActiveCfg = Release|Any CPU
		{E63C15BF-E226-4DA6-B017-09D78260717F}.Release|Any CPU.Build.0 = Release|Any CPU
	EndGlobalSection
	GlobalSection(SolutionProperties) = preSolution
		HideSolutionNode = FALSE
	EndGlobalSection
	GlobalSection(ExtensibilityGlobals) = postSolution
		SolutionGuid = {54F82AFA-F3B6-4570-8394-F13979D619E7}
	EndGlobalSection
EndGlobal
